
Microsoft Visual Studio Solution File, Format Version 12.00
# Visual Studio 14
VisualStudioVersion = 14.0.25420.1
MinimumVisualStudioVersion = 10.0.40219.1
Project("{FAE04EC0-301F-11D3-BF4B-00C04F79EFBC}") = "Exercício 3 - Cubo", "Exercício 3 - Cubo\Exercício 3 - Cubo.csproj", "{7CEA821E-67FF-422C-AF5E-AB0EBF128A65}"
EndProject
Global
	GlobalSection(SolutionConfigurationPlatforms) = preSolution
		Debug|Any CPU = Debug|Any CPU
		Release|Any CPU = Release|Any CPU
	EndGlobalSection
	GlobalSection(ProjectConfigurationPlatforms) = postSolution
		{7CEA821E-67FF-422C-AF5E-AB0EBF128A65}.Debug|Any CPU.ActiveCfg = Debug|Any CPU
		{7CEA821E-67FF-422C-AF5E-AB0EBF128A65}.Debug|Any CPU.Build.0 = Debug|Any CPU
		{7CEA821E-67FF-422C-AF5E-AB0EBF128A65}.Release|Any CPU.ActiveCfg = Release|Any CPU
		{7CEA821E-67FF-422C-AF5E-AB0EBF128A65}.Release|Any CPU.Build.0 = Release|Any CPU
	EndGlobalSection
	GlobalSection(SolutionProperties) = preSolution
		HideSolutionNode = FALSE
	EndGlobalSection
EndGlobal
